
Microsoft Visual Studio Solution File, Format Version 12.00
# Visual Studio Version 17
VisualStudioVersion = 17.5.002.0
MinimumVisualStudioVersion = 10.0.40219.1
Project("{9A19103F-16F7-4668-BE54-9A1E7A4F7556}") = "DiceRollSim", "DiceRollSim.csproj", "{776CA6AE-3ABF-4D27-991D-5A977852C34C}"
EndProject
Global
	GlobalSection(SolutionConfigurationPlatforms) = preSolution
		Debug|Any CPU = Debug|Any CPU
		Release|Any CPU = Release|Any CPU
	EndGlobalSection
	GlobalSection(ProjectConfigurationPlatforms) = postSolution
		{776CA6AE-3ABF-4D27-991D-5A977852C34C}.Debug|Any CPU.ActiveCfg = Debug|Any CPU
		{776CA6AE-3ABF-4D27-991D-5A977852C34C}.Debug|Any CPU.Build.0 = Debug|Any CPU
		{776CA6AE-3ABF-4D27-991D-5A977852C34C}.Release|Any CPU.ActiveCfg = Release|Any CPU
		{776CA6AE-3ABF-4D27-991D-5A977852C34C}.Release|Any CPU.Build.0 = Release|Any CPU
	EndGlobalSection
	GlobalSection(SolutionProperties) = preSolution
		HideSolutionNode = FALSE
	EndGlobalSection
	GlobalSection(ExtensibilityGlobals) = postSolution
		SolutionGuid = {FA6F3F7F-04D2-417C-A569-07B3210B5A55}
	EndGlobalSection
EndGlobal
